
Microsoft Visual Studio Solution File, Format Version 12.00
# Visual Studio Version 16
VisualStudioVersion = 16.0.30002.166
MinimumVisualStudioVersion = 10.0.40219.1
Project("{FAE04EC0-301F-11D3-BF4B-00C04F79EFBC}") = "TheNextCar", "TheNextCar\TheNextCar.csproj", "{DB59379A-18C1-41B5-87D1-0163EC890F1A}"
EndProject
Global
	GlobalSection(SolutionConfigurationPlatforms) = preSolution
		Debug|Any CPU = Debug|Any CPU
		Release|Any CPU = Release|Any CPU
	EndGlobalSection
	GlobalSection(ProjectConfigurationPlatforms) = postSolution
		{DB59379A-18C1-41B5-87D1-0163EC890F1A}.Debug|Any CPU.ActiveCfg = Debug|Any CPU
		{DB59379A-18C1-41B5-87D1-0163EC890F1A}.Debug|Any CPU.Build.0 = Debug|Any CPU
		{DB59379A-18C1-41B5-87D1-0163EC890F1A}.Release|Any CPU.ActiveCfg = Release|Any CPU
		{DB59379A-18C1-41B5-87D1-0163EC890F1A}.Release|Any CPU.Build.0 = Release|Any CPU
	EndGlobalSection
	GlobalSection(SolutionProperties) = preSolution
		HideSolutionNode = FALSE
	EndGlobalSection
	GlobalSection(ExtensibilityGlobals) = postSolution
		SolutionGuid = {C85A9F39-53D3-442C-8032-9DCF98F27954}
	EndGlobalSection
EndGlobal
