
Microsoft Visual Studio Solution File, Format Version 12.00
# Visual Studio Version 16
VisualStudioVersion = 16.0.30002.166
MinimumVisualStudioVersion = 10.0.40219.1
Project("{FAE04EC0-301F-11D3-BF4B-00C04F79EFBC}") = "CashierApps", "CashierApps\CashierApps.csproj", "{43F769DE-46DD-4118-9A66-847D84402238}"
EndProject
Global
	GlobalSection(SolutionConfigurationPlatforms) = preSolution
		Debug|Any CPU = Debug|Any CPU
		Release|Any CPU = Release|Any CPU
	EndGlobalSection
	GlobalSection(ProjectConfigurationPlatforms) = postSolution
		{43F769DE-46DD-4118-9A66-847D84402238}.Debug|Any CPU.ActiveCfg = Debug|Any CPU
		{43F769DE-46DD-4118-9A66-847D84402238}.Debug|Any CPU.Build.0 = Debug|Any CPU
		{43F769DE-46DD-4118-9A66-847D84402238}.Release|Any CPU.ActiveCfg = Release|Any CPU
		{43F769DE-46DD-4118-9A66-847D84402238}.Release|Any CPU.Build.0 = Release|Any CPU
	EndGlobalSection
	GlobalSection(SolutionProperties) = preSolution
		HideSolutionNode = FALSE
	EndGlobalSection
	GlobalSection(ExtensibilityGlobals) = postSolution
		SolutionGuid = {A1B6F4C4-2D63-4517-AF2A-77BADA19AFD3}
	EndGlobalSection
EndGlobal
